
Microsoft Visual Studio Solution File, Format Version 12.00
# Visual Studio Version 16
VisualStudioVersion = 16.0.30104.148
MinimumVisualStudioVersion = 10.0.40219.1
Project("{FAE04EC0-301F-11D3-BF4B-00C04F79EFBC}") = "Laba 8", "Laba 8\Laba 8.csproj", "{80769993-D065-4E03-A006-1B59A5F77615}"
EndProject
Project("{FAE04EC0-301F-11D3-BF4B-00C04F79EFBC}") = "UnitTestProject1", "UnitTestProject1\UnitTestProject1.csproj", "{8E4DBD13-063C-466D-9BF1-68235E518E58}"
EndProject
Global
	GlobalSection(SolutionConfigurationPlatforms) = preSolution
		Debug|Any CPU = Debug|Any CPU
		Release|Any CPU = Release|Any CPU
	EndGlobalSection
	GlobalSection(ProjectConfigurationPlatforms) = postSolution
		{80769993-D065-4E03-A006-1B59A5F77615}.Debug|Any CPU.ActiveCfg = Debug|Any CPU
		{80769993-D065-4E03-A006-1B59A5F77615}.Debug|Any CPU.Build.0 = Debug|Any CPU
		{80769993-D065-4E03-A006-1B59A5F77615}.Release|Any CPU.ActiveCfg = Release|Any CPU
		{80769993-D065-4E03-A006-1B59A5F77615}.Release|Any CPU.Build.0 = Release|Any CPU
		{8E4DBD13-063C-466D-9BF1-68235E518E58}.Debug|Any CPU.ActiveCfg = Debug|Any CPU
		{8E4DBD13-063C-466D-9BF1-68235E518E58}.Debug|Any CPU.Build.0 = Debug|Any CPU
		{8E4DBD13-063C-466D-9BF1-68235E518E58}.Release|Any CPU.ActiveCfg = Release|Any CPU
		{8E4DBD13-063C-466D-9BF1-68235E518E58}.Release|Any CPU.Build.0 = Release|Any CPU
	EndGlobalSection
	GlobalSection(SolutionProperties) = preSolution
		HideSolutionNode = FALSE
	EndGlobalSection
	GlobalSection(ExtensibilityGlobals) = postSolution
		SolutionGuid = {047B729F-9BF2-421B-926D-315BC03137FE}
	EndGlobalSection
EndGlobal
